
Microsoft Visual Studio Solution File, Format Version 12.00
# Visual Studio Version 17
VisualStudioVersion = 17.11.35303.130
MinimumVisualStudioVersion = 10.0.40219.1
Project("{FAE04EC0-301F-11D3-BF4B-00C04F79EFBC}") = "Modul_4", "Modul_4.csproj", "{410B198B-6024-46CE-B25E-B019132DBD57}"
EndProject
Global
	GlobalSection(SolutionConfigurationPlatforms) = preSolution
		Debug|Any CPU = Debug|Any CPU
		Release|Any CPU = Release|Any CPU
	EndGlobalSection
	GlobalSection(ProjectConfigurationPlatforms) = postSolution
		{410B198B-6024-46CE-B25E-B019132DBD57}.Debug|Any CPU.ActiveCfg = Debug|Any CPU
		{410B198B-6024-46CE-B25E-B019132DBD57}.Debug|Any CPU.Build.0 = Debug|Any CPU
		{410B198B-6024-46CE-B25E-B019132DBD57}.Release|Any CPU.ActiveCfg = Release|Any CPU
		{410B198B-6024-46CE-B25E-B019132DBD57}.Release|Any CPU.Build.0 = Release|Any CPU
	EndGlobalSection
	GlobalSection(SolutionProperties) = preSolution
		HideSolutionNode = FALSE
	EndGlobalSection
	GlobalSection(ExtensibilityGlobals) = postSolution
		SolutionGuid = {09AE67A0-4751-4241-BAED-C12B48AB8559}
	EndGlobalSection
EndGlobal
